{
  "requires": true,
  "lockfileVersion": 1,
  "dependencies": {
    "vue": {
      "version": "2.6.11",
      "resolved": "https://registry.npmjs.org/vue/-/vue-2.6.11.tgz",
      "integrity": "sha512-VfPwgcGABbGAue9+sfrD4PuwFar7gPb1yl1UK1MwXoQPAw0BKSqWfoYCT/ThFrdEVWoI51dBuyCoiNU9bZDZxQ=="
    },
    "vue-tree-chart": {
      "version": "1.2.6",
      "resolved": "https://registry.npmjs.org/vue-tree-chart/-/vue-tree-chart-1.2.6.tgz",
      "integrity": "sha512-irRi+Q3kUcMB1V7+uzPJ8EcucvjMfa1CzWoAbr0LVfoZ5a+vyu13LGq5ypiwvSOicbRiTCDEHTRxDuCC5bKWWg==",
      "requires": {
        "vue": "^2.6.10"
      }
    }
  }
}
